
Microsoft Visual Studio Solution File, Format Version 12.00
# Visual Studio Version 17
VisualStudioVersion = 17.9.34701.34
MinimumVisualStudioVersion = 10.0.40219.1
Project("{FAE04EC0-301F-11D3-BF4B-00C04F79EFBC}") = "Task_manager", "Task_manager\Task_manager.csproj", "{46B61E24-1A5B-43C7-8D50-0DD14A802B16}"
EndProject
Global
	GlobalSection(SolutionConfigurationPlatforms) = preSolution
		Debug|Any CPU = Debug|Any CPU
		Release|Any CPU = Release|Any CPU
	EndGlobalSection
	GlobalSection(ProjectConfigurationPlatforms) = postSolution
		{46B61E24-1A5B-43C7-8D50-0DD14A802B16}.Debug|Any CPU.ActiveCfg = Debug|Any CPU
		{46B61E24-1A5B-43C7-8D50-0DD14A802B16}.Debug|Any CPU.Build.0 = Debug|Any CPU
		{46B61E24-1A5B-43C7-8D50-0DD14A802B16}.Release|Any CPU.ActiveCfg = Release|Any CPU
		{46B61E24-1A5B-43C7-8D50-0DD14A802B16}.Release|Any CPU.Build.0 = Release|Any CPU
	EndGlobalSection
	GlobalSection(SolutionProperties) = preSolution
		HideSolutionNode = FALSE
	EndGlobalSection
	GlobalSection(ExtensibilityGlobals) = postSolution
		SolutionGuid = {C18D0756-26A2-4241-B283-D86F56C5E79A}
	EndGlobalSection
EndGlobal
